{
  "name": "grok-fff-search",
  "version": "0.1.0",
  "lockfileVersion": 3,
  "requires": true,
  "packages": {
    "": {
      "name": "grok-fff-search",
      "version": "0.1.0",
      "dependencies": {
        "@ff-labs/fff-node": "0.9.4",
        "pi-grok-cli": "0.1.6"
      }
    },
    "node_modules/@ff-labs/fff-bin-darwin-arm64": {
      "version": "0.9.4",
      "resolved": "https://registry.npmjs.org/@ff-labs/fff-bin-darwin-arm64/-/fff-bin-darwin-arm64-0.9.4.tgz",
      "integrity": "sha512-xyivu2xB++O5xXDx5Qm50JsU2aXt8YgXlGVhH/HE7UMYDrE6L6f1RYdYs8Y0bn0D3D0+bFBrN5ELPszK9E4Wbw==",
      "cpu": [
        "arm64"
      ],
      "license": "MIT",
      "optional": true,
      "os": [
        "darwin"
      ]
    },
    "node_modules/@ff-labs/fff-bin-darwin-x64": {
      "version": "0.9.4",
      "resolved": "https://registry.npmjs.org/@ff-labs/fff-bin-darwin-x64/-/fff-bin-darwin-x64-0.9.4.tgz",
      "integrity": "sha512-xLooAhCnTDCipPSMMZz7kGF3lhRHx6aP5fb6DJ0Ipyw/w/UWJb+xITJFszUl/QnIBoJ/qjDc93/FZMo1dk6gVA==",
      "cpu": [
        "x64"
      ],
      "license": "MIT",
      "optional": true,
      "os": [
        "darwin"
      ]
    },
    "node_modules/@ff-labs/fff-bin-linux-arm64-gnu": {
      "version": "0.9.4",
      "resolved": "https://registry.npmjs.org/@ff-labs/fff-bin-linux-arm64-gnu/-/fff-bin-linux-arm64-gnu-0.9.4.tgz",
      "integrity": "sha512-m5+8vA+1veaUUWonwva1WsU6m1HRm8CpYUzr06KDB65mewlmPbqz7+Fh7hjEfiD8C4mHVHe6RysULvAH1yhsdw==",
      "cpu": [
        "arm64"
      ],
      "license": "MIT",
      "optional": true,
      "os": [
        "linux"
      ]
    },
    "node_modules/@ff-labs/fff-bin-linux-arm64-musl": {
      "version": "0.9.4",
      "resolved": "https://registry.npmjs.org/@ff-labs/fff-bin-linux-arm64-musl/-/fff-bin-linux-arm64-musl-0.9.4.tgz",
      "integrity": "sha512-EMeWm7CSTVkizy4ZEzUkLDP024tVcbCUthduuIhekFQRDsiaAze0YboIylWb9HBHJCZlCCoZrWAl4nnJbsX7AA==",
      "cpu": [
        "arm64"
      ],
      "license": "MIT",
      "optional": true,
      "os": [
        "linux"
      ]
    },
    "node_modules/@ff-labs/fff-bin-linux-x64-gnu": {
      "version": "0.9.4",
      "resolved": "https://registry.npmjs.org/@ff-labs/fff-bin-linux-x64-gnu/-/fff-bin-linux-x64-gnu-0.9.4.tgz",
      "integrity": "sha512-pglE0uLkhnlE6bStXqfgUjYTSj+2sVwXaPfoA0QksidAsQor6NRt8004mygzC9DPubgHq5B9QezPfEwigKaP9Q==",
      "cpu": [
        "x64"
      ],
      "license": "MIT",
      "optional": true,
      "os": [
        "linux"
      ]
    },
    "node_modules/@ff-labs/fff-bin-linux-x64-musl": {
      "version": "0.9.4",
      "resolved": "https://registry.npmjs.org/@ff-labs/fff-bin-linux-x64-musl/-/fff-bin-linux-x64-musl-0.9.4.tgz",
      "integrity": "sha512-VNKxgl8qs3aTfXViX7lqRK1aLu311h8dtBFqG4Scv+9Oi7WprybUp5L7IZ8sxKERaDAaiJMXHodXa1c90QdK8w==",
      "cpu": [
        "x64"
      ],
      "license": "MIT",
      "optional": true,
      "os": [
        "linux"
      ]
    },
    "node_modules/@ff-labs/fff-bin-win32-arm64": {
      "version": "0.9.4",
      "resolved": "https://registry.npmjs.org/@ff-labs/fff-bin-win32-arm64/-/fff-bin-win32-arm64-0.9.4.tgz",
      "integrity": "sha512-uFEt0aNL54vQxq1ivjxRuo+thnhS4wLqa4INl4VXnXJUmwB42XXxD+gsj7vzhBLLx4cFf0aWgy/+TVDR8yjZtQ==",
      "cpu": [
        "arm64"
      ],
      "license": "MIT",
      "optional": true,
      "os": [
        "win32"
      ]
    },
    "node_modules/@ff-labs/fff-bin-win32-x64": {
      "version": "0.9.4",
      "resolved": "https://registry.npmjs.org/@ff-labs/fff-bin-win32-x64/-/fff-bin-win32-x64-0.9.4.tgz",
      "integrity": "sha512-Yd2Eyxj+slWv+0QDW9/xBpu9FXq+hwD0rXQD5184/88d+xwWCLKhEP2w8I6OO9XCg+kLT79UJb+k0WwXUtBtMw==",
      "cpu": [
        "x64"
      ],
      "license": "MIT",
      "optional": true,
      "os": [
        "win32"
      ]
    },
    "node_modules/@ff-labs/fff-node": {
      "version": "0.9.4",
      "resolved": "https://registry.npmjs.org/@ff-labs/fff-node/-/fff-node-0.9.4.tgz",
      "integrity": "sha512-yUphwzcVBuNrg1iEAE5XVPOWfCLuq/BE1scUxtHMmLo+e1KuKWBRgSKFXGjNBfL8lV3c5VGwIgK66aBqmhqVBQ==",
      "cpu": [
        "x64",
        "arm64"
      ],
      "license": "MIT",
      "os": [
        "darwin",
        "linux",
        "win32"
      ],
      "dependencies": {
        "ffi-rs": "^1.0.0"
      },
      "engines": {
        "node": ">=18.0.0"
      },
      "optionalDependencies": {
        "@ff-labs/fff-bin-darwin-arm64": "0.9.4",
        "@ff-labs/fff-bin-darwin-x64": "0.9.4",
        "@ff-labs/fff-bin-linux-arm64-gnu": "0.9.4",
        "@ff-labs/fff-bin-linux-arm64-musl": "0.9.4",
        "@ff-labs/fff-bin-linux-x64-gnu": "0.9.4",
        "@ff-labs/fff-bin-linux-x64-musl": "0.9.4",
        "@ff-labs/fff-bin-win32-arm64": "0.9.4",
        "@ff-labs/fff-bin-win32-x64": "0.9.4"
      }
    },
    "node_modules/@yuuang/ffi-rs-android-arm64": {
      "version": "1.3.2",
      "resolved": "https://registry.npmjs.org/@yuuang/ffi-rs-android-arm64/-/ffi-rs-android-arm64-1.3.2.tgz",
      "integrity": "sha512-eDYLT0kVBkp7e2BwdRDmt6N1rkeDPUHDefk3ZX0/nok+GLsqfy1WBoSL3Yg7HVXN1EyW8OBVc2uK8Zq8HbmaSA==",
      "cpu": [
        "arm64"
      ],
      "license": "MIT",
      "optional": true,
      "os": [
        "android"
      ],
      "engines": {
        "node": ">= 12"
      }
    },
    "node_modules/@yuuang/ffi-rs-darwin-arm64": {
      "version": "1.3.2",
      "resolved": "https://registry.npmjs.org/@yuuang/ffi-rs-darwin-arm64/-/ffi-rs-darwin-arm64-1.3.2.tgz",
      "integrity": "sha512-kRdgPaOM6TfuC5wHUwstlatk4HNie2lwSLJWQL2LiAUIJ7+96CoiWUNVhwBcFrhdfxhnWenYS6F668CV0vit8Q==",
      "cpu": [
        "arm64"
      ],
      "license": "MIT",
      "optional": true,
      "os": [
        "darwin"
      ],
      "engines": {
        "node": ">= 12"
      }
    },
    "node_modules/@yuuang/ffi-rs-darwin-x64": {
      "version": "1.3.2",
      "resolved": "https://registry.npmjs.org/@yuuang/ffi-rs-darwin-x64/-/ffi-rs-darwin-x64-1.3.2.tgz",
      "integrity": "sha512-O3AlVgre8FQcZRJe44Xs7A6iDLumoPXqbw40+eJCa2gyXaXyLPdHoWrS1W9rBCa1QZRRnG7zRulPVFw8C5uo8g==",
      "cpu": [
        "x64"
      ],
      "license": "MIT",
      "optional": true,
      "os": [
        "darwin"
      ],
      "engines": {
        "node": ">= 12"
      }
    },
    "node_modules/@yuuang/ffi-rs-linux-arm-gnueabihf": {
      "version": "1.3.2",
      "resolved": "https://registry.npmjs.org/@yuuang/ffi-rs-linux-arm-gnueabihf/-/ffi-rs-linux-arm-gnueabihf-1.3.2.tgz",
      "integrity": "sha512-IXiNdTbIcTCPny5eeElijFWYeKSJjQWSjt9ZyJNdLHYiB1Np+XD6K7wNZS6EOMgMelhW1kQE62T654skGkVDIA==",
      "cpu": [
        "arm"
      ],
      "license": "MIT",
      "optional": true,
      "os": [
        "linux"
      ],
      "engines": {
        "node": ">= 12"
      }
    },
    "node_modules/@yuuang/ffi-rs-linux-arm64-gnu": {
      "version": "1.3.2",
      "resolved": "https://registry.npmjs.org/@yuuang/ffi-rs-linux-arm64-gnu/-/ffi-rs-linux-arm64-gnu-1.3.2.tgz",
      "integrity": "sha512-gWFO6xufUK9lPYUqDvKa6IR243dPqdetgl9Q7HrZWaDu7wLo06QQrosw8QTzndafQnOcBKm6LoLujmGCfTgJOA==",
      "cpu": [
        "arm64"
      ],
      "license": "MIT",
      "optional": true,
      "os": [
        "linux"
      ],
      "engines": {
        "node": ">= 12"
      }
    },
    "node_modules/@yuuang/ffi-rs-linux-arm64-musl": {
      "version": "1.3.2",
      "resolved": "https://registry.npmjs.org/@yuuang/ffi-rs-linux-arm64-musl/-/ffi-rs-linux-arm64-musl-1.3.2.tgz",
      "integrity": "sha512-lejvOSqypPziQH5rzfkDlJ6e92qhWbDutE9ttOO6z5I2k83zoh9iZhZWhaXSU5VqgQpcshRkrbtXb9gy1ft5dA==",
      "cpu": [
        "arm64"
      ],
      "license": "MIT",
      "optional": true,
      "os": [
        "linux"
      ],
      "engines": {
        "node": ">= 12"
      }
    },
    "node_modules/@yuuang/ffi-rs-linux-x64-gnu": {
      "version": "1.3.2",
      "resolved": "https://registry.npmjs.org/@yuuang/ffi-rs-linux-x64-gnu/-/ffi-rs-linux-x64-gnu-1.3.2.tgz",
      "integrity": "sha512-s8VCFazaJKmgY2hgMTpWk4TtBY/zy5ovbaGgwyY0FvBD0YvyhcET4IrMsDJpHhFVTPCYfKZ1dN45clD/YiFp6g==",
      "cpu": [
        "x64"
      ],
      "license": "MIT",
      "optional": true,
      "os": [
        "linux"
      ],
      "engines": {
        "node": ">= 12"
      }
    },
    "node_modules/@yuuang/ffi-rs-linux-x64-musl": {
      "version": "1.3.2",
      "resolved": "https://registry.npmjs.org/@yuuang/ffi-rs-linux-x64-musl/-/ffi-rs-linux-x64-musl-1.3.2.tgz",
      "integrity": "sha512-Ahr5chfKZKWUik20bEZRug+be57LZ2yYrtolyjSRoo7A4ZniBUHBZUNWm6TD6i0CJayqyxWeVk/XiaABD8bY0w==",
      "cpu": [
        "x64"
      ],
      "license": "MIT",
      "optional": true,
      "os": [
        "linux"
      ],
      "engines": {
        "node": ">= 12"
      }
    },
    "node_modules/@yuuang/ffi-rs-win32-arm64-msvc": {
      "version": "1.3.2",
      "resolved": "https://registry.npmjs.org/@yuuang/ffi-rs-win32-arm64-msvc/-/ffi-rs-win32-arm64-msvc-1.3.2.tgz",
      "integrity": "sha512-yhpLcj0qel5VNlpzxPZfNmi7+rEX8444QHjUP6WWLxdRfqPllROu/Cp3OpkBpw3BLdxfcDhWkjWMD5QsJN0Pvg==",
      "cpu": [
        "arm64"
      ],
      "license": "MIT",
      "optional": true,
      "os": [
        "win32"
      ],
      "engines": {
        "node": ">= 12"
      }
    },
    "node_modules/@yuuang/ffi-rs-win32-ia32-msvc": {
      "version": "1.3.2",
      "resolved": "https://registry.npmjs.org/@yuuang/ffi-rs-win32-ia32-msvc/-/ffi-rs-win32-ia32-msvc-1.3.2.tgz",
      "integrity": "sha512-BFVSbdtg/7mJBw5kQFOPKFiA+SF7z3240HpzHN81Umm4Bp4dWkyx0msYn8+Q7/BBJiLQ4F6bi3Nftk58YA9r9w==",
      "cpu": [
        "x64",
        "ia32"
      ],
      "license": "MIT",
      "optional": true,
      "os": [
        "win32"
      ],
      "engines": {
        "node": ">= 12"
      }
    },
    "node_modules/@yuuang/ffi-rs-win32-x64-msvc": {
      "version": "1.3.2",
      "resolved": "https://registry.npmjs.org/@yuuang/ffi-rs-win32-x64-msvc/-/ffi-rs-win32-x64-msvc-1.3.2.tgz",
      "integrity": "sha512-ZL5MJ76n2rjwGo26kCWW7wK6QT/cee00Rx8pfW79pz6vM6jqfhoE7zTnwFiw4aOQUes9+HUc5DeeJ3z+Vb9oLg==",
      "cpu": [
        "x64"
      ],
      "license": "MIT",
      "optional": true,
      "os": [
        "win32"
      ],
      "engines": {
        "node": ">= 12"
      }
    },
    "node_modules/ffi-rs": {
      "version": "1.3.2",
      "resolved": "https://registry.npmjs.org/ffi-rs/-/ffi-rs-1.3.2.tgz",
      "integrity": "sha512-4s8dX9VbBw/jd5NOuE3EJRqXaIVdjMyiumeeDzrOhtjQRwp6Bz2za7iksWXTnvTQKV/tTdm1s1w7mObe92zPjQ==",
      "license": "MIT",
      "optionalDependencies": {
        "@yuuang/ffi-rs-android-arm64": "1.3.2",
        "@yuuang/ffi-rs-darwin-arm64": "1.3.2",
        "@yuuang/ffi-rs-darwin-x64": "1.3.2",
        "@yuuang/ffi-rs-linux-arm-gnueabihf": "1.3.2",
        "@yuuang/ffi-rs-linux-arm64-gnu": "1.3.2",
        "@yuuang/ffi-rs-linux-arm64-musl": "1.3.2",
        "@yuuang/ffi-rs-linux-x64-gnu": "1.3.2",
        "@yuuang/ffi-rs-linux-x64-musl": "1.3.2",
        "@yuuang/ffi-rs-win32-arm64-msvc": "1.3.2",
        "@yuuang/ffi-rs-win32-ia32-msvc": "1.3.2",
        "@yuuang/ffi-rs-win32-x64-msvc": "1.3.2"
      }
    },
    "node_modules/jiti": {
      "version": "2.7.0",
      "resolved": "https://registry.npmjs.org/jiti/-/jiti-2.7.0.tgz",
      "integrity": "sha512-AC/7JofJvZGrrneWNaEnJeOLUx+JlGt7tNa0wZiRPT4MY1wmfKjt2+6O2p2uz2+skll8OZZmJMNqeke7kKbNgQ==",
      "license": "MIT",
      "bin": {
        "jiti": "lib/jiti-cli.mjs"
      }
    },
    "node_modules/pi-grok-cli": {
      "version": "0.1.6",
      "resolved": "https://registry.npmjs.org/pi-grok-cli/-/pi-grok-cli-0.1.6.tgz",
      "integrity": "sha512-vM6Rw2crrCWOphc5884RDD3H/E1R0UoQz2qvIvXD5mhh+6UUhFoOAfy/c+aOvD+hJyTeLe+m+5tZ8VsCZNg7kQ==",
      "license": "MIT",
      "dependencies": {
        "jiti": "^2.7.0",
        "typebox": "1.1.38"
      },
      "peerDependencies": {
        "@earendil-works/pi-ai": "*",
        "@earendil-works/pi-coding-agent": "*",
        "@earendil-works/pi-tui": "*",
        "pi-web-access": "*"
      },
      "peerDependenciesMeta": {
        "pi-web-access": {
          "optional": true
        }
      }
    },
    "node_modules/typebox": {
      "version": "1.1.38",
      "resolved": "https://registry.npmjs.org/typebox/-/typebox-1.1.38.tgz",
      "integrity": "sha512-pZ0aQPmMmXoUvSbeuWf/Hzsc+avNw/Zd6VeE8CFgkVGWyuHPJvqeJJDeJqLve+K70LvjYIoleGcoJHPT17cWoA==",
      "license": "MIT"
    }
  }
}
